
Microsoft Visual Studio Solution File, Format Version 12.00
# Visual Studio Version 17
VisualStudioVersion = 17.6.33801.468
MinimumVisualStudioVersion = 10.0.40219.1
Project("{FAE04EC0-301F-11D3-BF4B-00C04F79EFBC}") = "PersonInfo", "PersonInfo\PersonInfo.csproj", "{7F72FAF6-B316-47FE-8D0B-55CC0F6E58A6}"
EndProject
Project("{FAE04EC0-301F-11D3-BF4B-00C04F79EFBC}") = "Telephony", "Telephony\Telephony.csproj", "{13404D9C-1F13-45E6-B8A0-6B02FD20ECF3}"
EndProject
Global
	GlobalSection(SolutionConfigurationPlatforms) = preSolution
		Debug|Any CPU = Debug|Any CPU
		Release|Any CPU = Release|Any CPU
	EndGlobalSection
	GlobalSection(ProjectConfigurationPlatforms) = postSolution
		{7F72FAF6-B316-47FE-8D0B-55CC0F6E58A6}.Debug|Any CPU.ActiveCfg = Debug|Any CPU
		{7F72FAF6-B316-47FE-8D0B-55CC0F6E58A6}.Debug|Any CPU.Build.0 = Debug|Any CPU
		{7F72FAF6-B316-47FE-8D0B-55CC0F6E58A6}.Release|Any CPU.ActiveCfg = Release|Any CPU
		{7F72FAF6-B316-47FE-8D0B-55CC0F6E58A6}.Release|Any CPU.Build.0 = Release|Any CPU
		{13404D9C-1F13-45E6-B8A0-6B02FD20ECF3}.Debug|Any CPU.ActiveCfg = Debug|Any CPU
		{13404D9C-1F13-45E6-B8A0-6B02FD20ECF3}.Debug|Any CPU.Build.0 = Debug|Any CPU
		{13404D9C-1F13-45E6-B8A0-6B02FD20ECF3}.Release|Any CPU.ActiveCfg = Release|Any CPU
		{13404D9C-1F13-45E6-B8A0-6B02FD20ECF3}.Release|Any CPU.Build.0 = Release|Any CPU
	EndGlobalSection
	GlobalSection(SolutionProperties) = preSolution
		HideSolutionNode = FALSE
	EndGlobalSection
	GlobalSection(ExtensibilityGlobals) = postSolution
		SolutionGuid = {A7127E00-8AC0-482D-A56B-FD8875BF14C5}
	EndGlobalSection
EndGlobal
