
Microsoft Visual Studio Solution File, Format Version 12.00
# Visual Studio Version 17
VisualStudioVersion = 17.6.33801.468
MinimumVisualStudioVersion = 10.0.40219.1
Project("{FAE04EC0-301F-11D3-BF4B-00C04F79EFBC}") = "Vehicles", "Vehicles\Vehicles.csproj", "{9AEDF454-2A33-4829-8EBE-F88FB37B7F5A}"
EndProject
Global
	GlobalSection(SolutionConfigurationPlatforms) = preSolution
		Debug|Any CPU = Debug|Any CPU
		Release|Any CPU = Release|Any CPU
	EndGlobalSection
	GlobalSection(ProjectConfigurationPlatforms) = postSolution
		{9AEDF454-2A33-4829-8EBE-F88FB37B7F5A}.Debug|Any CPU.ActiveCfg = Debug|Any CPU
		{9AEDF454-2A33-4829-8EBE-F88FB37B7F5A}.Debug|Any CPU.Build.0 = Debug|Any CPU
		{9AEDF454-2A33-4829-8EBE-F88FB37B7F5A}.Release|Any CPU.ActiveCfg = Release|Any CPU
		{9AEDF454-2A33-4829-8EBE-F88FB37B7F5A}.Release|Any CPU.Build.0 = Release|Any CPU
	EndGlobalSection
	GlobalSection(SolutionProperties) = preSolution
		HideSolutionNode = FALSE
	EndGlobalSection
	GlobalSection(ExtensibilityGlobals) = postSolution
		SolutionGuid = {F075B6EE-E9F1-449B-A93E-FBEA039EF4B4}
	EndGlobalSection
EndGlobal
